
Microsoft Visual Studio Solution File, Format Version 12.00
# Visual Studio Version 17
VisualStudioVersion = 17.14.37027.9
MinimumVisualStudioVersion = 10.0.40219.1
Project("{8BC9CEB8-8B4A-11D0-8D11-00A0C91BC942}") = "TraceLoggingTestApp", "TraceLoggingTestApp.vcxproj", "{AF3341E1-C1EF-42F7-8322-B84D4F60EFF3}"
EndProject
Project("{2150E333-8FDC-42A3-9474-1A3956D46DE8}") = "Solution Items", "Solution Items", "{8EC462FD-D22E-90A8-E5CE-7E832BA40C5D}"
EndProject
Global
	GlobalSection(SolutionConfigurationPlatforms) = preSolution
		Debug|x64 = Debug|x64
		Debug|x86 = Debug|x86
		Release|x64 = Release|x64
		Release|x86 = Release|x86
	EndGlobalSection
	GlobalSection(ProjectConfigurationPlatforms) = postSolution
		{AF3341E1-C1EF-42F7-8322-B84D4F60EFF3}.Debug|x64.ActiveCfg = Debug|x64
		{AF3341E1-C1EF-42F7-8322-B84D4F60EFF3}.Debug|x64.Build.0 = Debug|x64
		{AF3341E1-C1EF-42F7-8322-B84D4F60EFF3}.Debug|x86.ActiveCfg = Debug|Win32
		{AF3341E1-C1EF-42F7-8322-B84D4F60EFF3}.Debug|x86.Build.0 = Debug|Win32
		{AF3341E1-C1EF-42F7-8322-B84D4F60EFF3}.Release|x64.ActiveCfg = Release|x64
		{AF3341E1-C1EF-42F7-8322-B84D4F60EFF3}.Release|x64.Build.0 = Release|x64
		{AF3341E1-C1EF-42F7-8322-B84D4F60EFF3}.Release|x86.ActiveCfg = Release|Win32
		{AF3341E1-C1EF-42F7-8322-B84D4F60EFF3}.Release|x86.Build.0 = Release|Win32
	EndGlobalSection
	GlobalSection(SolutionProperties) = preSolution
		HideSolutionNode = FALSE
	EndGlobalSection
	GlobalSection(ExtensibilityGlobals) = postSolution
		SolutionGuid = {7F4B492E-2EC6-4632-9009-5621BB2A0A0B}
	EndGlobalSection
EndGlobal
