
Microsoft Visual Studio Solution File, Format Version 12.00
# Visual Studio Version 17
VisualStudioVersion = 17.14.36811.4
MinimumVisualStudioVersion = 10.0.40219.1
Project("{8BC9CEB8-8B4A-11D0-8D11-00A0C91BC942}") = "ATLProjectServiceFoo", "ATLProjectServiceFoo\ATLProjectServiceFoo.vcxproj", "{424E102E-5B36-378D-D1E9-488C73261ED2}"
EndProject
Project("{8BC9CEB8-8B4A-11D0-8D11-00A0C91BC942}") = "ATLProjectServiceFooPS", "ATLProjectServiceFoo\ATLProjectServiceFooPS\ATLProjectServiceFooPS.vcxproj", "{DBA610DD-8D85-AA5A-54A0-2E49D24CD14C}"
	ProjectSection(ProjectDependencies) = postProject
		{424E102E-5B36-378D-D1E9-488C73261ED2} = {424E102E-5B36-378D-D1E9-488C73261ED2}
	EndProjectSection
EndProject
Project("{8BC9CEB8-8B4A-11D0-8D11-00A0C91BC942}") = "ATLProjectDLLFoo", "ATLProjectDLLFoo\ATLProjectDLLFoo.vcxproj", "{9E269BFE-D88C-AB60-707C-518CA060AF21}"
EndProject
Project("{8BC9CEB8-8B4A-11D0-8D11-00A0C91BC942}") = "ATLProjectDLLFooPS", "ATLProjectDLLFoo\ATLProjectDLLFooPS\ATLProjectDLLFooPS.vcxproj", "{68205A9C-30FC-A1BC-6DBF-4E42D553129D}"
	ProjectSection(ProjectDependencies) = postProject
		{9E269BFE-D88C-AB60-707C-518CA060AF21} = {9E269BFE-D88C-AB60-707C-518CA060AF21}
	EndProjectSection
EndProject
Project("{8BC9CEB8-8B4A-11D0-8D11-00A0C91BC942}") = "ConsoleApplicationFoo", "ConsoleApplicationFoo\ConsoleApplicationFoo.vcxproj", "{8856314F-AF2E-4829-A810-9EB3BBBBB9A6}"
EndProject
Global
	GlobalSection(SolutionConfigurationPlatforms) = preSolution
		Debug|x64 = Debug|x64
		Debug|x86 = Debug|x86
		Release|x64 = Release|x64
		Release|x86 = Release|x86
	EndGlobalSection
	GlobalSection(ProjectConfigurationPlatforms) = postSolution
		{424E102E-5B36-378D-D1E9-488C73261ED2}.Debug|x64.ActiveCfg = Debug|x64
		{424E102E-5B36-378D-D1E9-488C73261ED2}.Debug|x64.Build.0 = Debug|x64
		{424E102E-5B36-378D-D1E9-488C73261ED2}.Debug|x86.ActiveCfg = Debug|Win32
		{424E102E-5B36-378D-D1E9-488C73261ED2}.Debug|x86.Build.0 = Debug|Win32
		{424E102E-5B36-378D-D1E9-488C73261ED2}.Release|x64.ActiveCfg = Release|x64
		{424E102E-5B36-378D-D1E9-488C73261ED2}.Release|x64.Build.0 = Release|x64
		{424E102E-5B36-378D-D1E9-488C73261ED2}.Release|x86.ActiveCfg = Release|Win32
		{424E102E-5B36-378D-D1E9-488C73261ED2}.Release|x86.Build.0 = Release|Win32
		{DBA610DD-8D85-AA5A-54A0-2E49D24CD14C}.Debug|x64.ActiveCfg = Debug|x64
		{DBA610DD-8D85-AA5A-54A0-2E49D24CD14C}.Debug|x86.ActiveCfg = Debug|Win32
		{DBA610DD-8D85-AA5A-54A0-2E49D24CD14C}.Release|x64.ActiveCfg = Release|x64
		{DBA610DD-8D85-AA5A-54A0-2E49D24CD14C}.Release|x86.ActiveCfg = Release|Win32
		{9E269BFE-D88C-AB60-707C-518CA060AF21}.Debug|x64.ActiveCfg = Debug|x64
		{9E269BFE-D88C-AB60-707C-518CA060AF21}.Debug|x64.Build.0 = Debug|x64
		{9E269BFE-D88C-AB60-707C-518CA060AF21}.Debug|x86.ActiveCfg = Debug|Win32
		{9E269BFE-D88C-AB60-707C-518CA060AF21}.Debug|x86.Build.0 = Debug|Win32
		{9E269BFE-D88C-AB60-707C-518CA060AF21}.Release|x64.ActiveCfg = Release|x64
		{9E269BFE-D88C-AB60-707C-518CA060AF21}.Release|x64.Build.0 = Release|x64
		{9E269BFE-D88C-AB60-707C-518CA060AF21}.Release|x86.ActiveCfg = Release|Win32
		{9E269BFE-D88C-AB60-707C-518CA060AF21}.Release|x86.Build.0 = Release|Win32
		{68205A9C-30FC-A1BC-6DBF-4E42D553129D}.Debug|x64.ActiveCfg = Debug|x64
		{68205A9C-30FC-A1BC-6DBF-4E42D553129D}.Debug|x86.ActiveCfg = Debug|Win32
		{68205A9C-30FC-A1BC-6DBF-4E42D553129D}.Release|x64.ActiveCfg = Release|x64
		{68205A9C-30FC-A1BC-6DBF-4E42D553129D}.Release|x86.ActiveCfg = Release|Win32
		{8856314F-AF2E-4829-A810-9EB3BBBBB9A6}.Debug|x64.ActiveCfg = Debug|x64
		{8856314F-AF2E-4829-A810-9EB3BBBBB9A6}.Debug|x64.Build.0 = Debug|x64
		{8856314F-AF2E-4829-A810-9EB3BBBBB9A6}.Debug|x86.ActiveCfg = Debug|Win32
		{8856314F-AF2E-4829-A810-9EB3BBBBB9A6}.Debug|x86.Build.0 = Debug|Win32
		{8856314F-AF2E-4829-A810-9EB3BBBBB9A6}.Release|x64.ActiveCfg = Release|x64
		{8856314F-AF2E-4829-A810-9EB3BBBBB9A6}.Release|x64.Build.0 = Release|x64
		{8856314F-AF2E-4829-A810-9EB3BBBBB9A6}.Release|x86.ActiveCfg = Release|Win32
		{8856314F-AF2E-4829-A810-9EB3BBBBB9A6}.Release|x86.Build.0 = Release|Win32
	EndGlobalSection
	GlobalSection(SolutionProperties) = preSolution
		HideSolutionNode = FALSE
	EndGlobalSection
	GlobalSection(ExtensibilityGlobals) = postSolution
		SolutionGuid = {48CF0BA4-BA8B-4CDE-AA90-8DB9ED4EB972}
	EndGlobalSection
EndGlobal
