<?xml version="1.0" encoding="utf-8"?>
<Project ToolsVersion="4.0" xmlns="http://schemas.microsoft.com/developer/msbuild/2003">
  <ItemGroup>
    <Filter Include="Source Files">
      <UniqueIdentifier>{c57194d4-ec0d-480e-aadf-778e42c9354f}</UniqueIdentifier>
      <Extensions>cpp;c;cxx;def;odl;idl;hpj;bat;asm</Extensions>
    </Filter>
    <Filter Include="Header Files">
      <UniqueIdentifier>{f0dbe0dc-4c55-415c-a94e-dc341a9cc97a}</UniqueIdentifier>
      <Extensions>h;hpp;hxx;hm;inl;inc</Extensions>
    </Filter>
    <Filter Include="Resource Files">
      <UniqueIdentifier>{2a55ab1e-719d-422f-a191-b7004a721d61}</UniqueIdentifier>
      <Extensions>rc;ico;cur;bmp;dlg;rc2;rct;bin;rgs;gif;jpg;jpeg;jpe</Extensions>
    </Filter>
    <Filter Include="Generated Files">
      <UniqueIdentifier>{4d2121ab-ca97-4ba6-a29c-05c9c734202a}</UniqueIdentifier>
      <SourceControlFiles>False</SourceControlFiles>
    </Filter>
  </ItemGroup>
  <ItemGroup>
    <ClCompile Include="Advert.cpp">
      <Filter>Source Files</Filter>
    </ClCompile>
    <ClCompile Include="CalcPi.cpp">
      <Filter>Source Files</Filter>
    </ClCompile>
    <ClCompile Include="PiSvr.cpp">
      <Filter>Source Files</Filter>
    </ClCompile>
    <ClCompile Include="stdafx.cpp">
      <Filter>Source Files</Filter>
    </ClCompile>
    <ClCompile Include="PiSvr_i.c">
      <Filter>Generated Files</Filter>
    </ClCompile>
  </ItemGroup>
  <ItemGroup>
    <None Include="PiSvr.def">
      <Filter>Source Files</Filter>
    </None>
    <None Include="CalcPi.rgs">
      <Filter>Resource Files</Filter>
    </None>
    <None Include="PiSvr.rgs">
      <Filter>Resource Files</Filter>
    </None>
    <None Include="CalcPi.htm" />
    <None Include="CalcPiClient.vbs" />
  </ItemGroup>
  <ItemGroup>
    <Midl Include="PiSvr.idl">
      <Filter>Source Files</Filter>
    </Midl>
  </ItemGroup>
  <ItemGroup>
    <ClInclude Include="Advert.h">
      <Filter>Header Files</Filter>
    </ClInclude>
    <ClInclude Include="CalcPi.h">
      <Filter>Header Files</Filter>
    </ClInclude>
    <ClInclude Include="NineDigitsOfPiAt.h">
      <Filter>Header Files</Filter>
    </ClInclude>
    <ClInclude Include="Resource.h">
      <Filter>Header Files</Filter>
    </ClInclude>
    <ClInclude Include="_ICalcPiEvents_CP.h">
      <Filter>Header Files</Filter>
    </ClInclude>
    <ClInclude Include="stdafx.h">
      <Filter>Header Files</Filter>
    </ClInclude>
  </ItemGroup>
  <ItemGroup>
    <Image Include="CalcPi.bmp">
      <Filter>Resource Files</Filter>
    </Image>
    <Image Include="big_pi.bmp">
      <Filter>Resource Files</Filter>
    </Image>
  </ItemGroup>
  <ItemGroup>
    <ResourceCompile Include="PiSvr.rc">
      <Filter>Resource Files</Filter>
    </ResourceCompile>
  </ItemGroup>
  <ItemGroup>
    <Text Include="ReadMe.txt" />
  </ItemGroup>
</Project>